// !$*UTF8*$!
{
	archiveVersion = 1;
	classes = {
	};
	objectVersion = 46;
	objects = {

/* Begin PBXBuildFile section */
		2B3162A9185E3B110025CFAC /* Foundation.framework in Frameworks */ = {isa = PBXBuildFile; fileRef = 2B3162A8185E3B110025CFAC /* Foundation.framework */; };
		2B3162AB185E3B110025CFAC /* CoreGraphics.framework in Frameworks */ = {isa = PBXBuildFile; fileRef = 2B3162AA185E3B110025CFAC /* CoreGraphics.framework */; };
		2B3162AD185E3B110025CFAC /* UIKit.framework in Frameworks */ = {isa = PBXBuildFile; fileRef = 2B3162AC185E3B110025CFAC /* UIKit.framework */; };
		2B3162C2185E3B120025CFAC /* XCTest.framework in Frameworks */ = {isa = PBXBuildFile; fileRef = 2B3162C1185E3B120025CFAC /* XCTest.framework */; };
		2B3162C3185E3B120025CFAC /* Foundation.framework in Frameworks */ = {isa = PBXBuildFile; fileRef = 2B3162A8185E3B110025CFAC /* Foundation.framework */; };
		2B3162C4185E3B120025CFAC /* UIKit.framework in Frameworks */ = {isa = PBXBuildFile; fileRef = 2B3162AC185E3B110025CFAC /* UIKit.framework */; };
		2B3162CC185E3B120025CFAC /* InfoPlist.strings in Resources */ = {isa = PBXBuildFile; fileRef = 2B3162CA185E3B120025CFAC /* InfoPlist.strings */; };
		2B3162CE185E3B120025CFAC /* LogisticsTests.m in Sources */ = {isa = PBXBuildFile; fileRef = 2B3162CD185E3B120025CFAC /* LogisticsTests.m */; };
		2B3162DE185E3F8D0025CFAC /* LGAppDelegate.m in Sources */ = {isa = PBXBuildFile; fileRef = 2B3162DA185E3F8D0025CFAC /* LGAppDelegate.m */; };
		2B3162DF185E3F8D0025CFAC /* main.m in Sources */ = {isa = PBXBuildFile; fileRef = 2B3162DD185E3F8D0025CFAC /* main.m */; };
		2B3162E5185E3F940025CFAC /* Images.xcassets in Resources */ = {isa = PBXBuildFile; fileRef = 2B3162E1185E3F940025CFAC /* Images.xcassets */; };
		2B3162E6185E3F940025CFAC /* Logistics-Info.plist in Resources */ = {isa = PBXBuildFile; fileRef = 2B3162E3185E3F940025CFAC /* Logistics-Info.plist */; };
		2B3162EA185E447A0025CFAC /* Storyboard_iPad.storyboard in Resources */ = {isa = PBXBuildFile; fileRef = 2B3162E9185E447A0025CFAC /* Storyboard_iPad.storyboard */; };
		2B3162F2185E475D0025CFAC /* LGLoginViewController.m in Sources */ = {isa = PBXBuildFile; fileRef = 2B3162F1185E475D0025CFAC /* LGLoginViewController.m */; };
		2B3162F6185E48BC0025CFAC /* LGMainSchemeViewController.m in Sources */ = {isa = PBXBuildFile; fileRef = 2B3162F5185E48BC0025CFAC /* LGMainSchemeViewController.m */; };
		2B3162FA185E49130025CFAC /* LGMenuViewController.m in Sources */ = {isa = PBXBuildFile; fileRef = 2B3162F9185E49130025CFAC /* LGMenuViewController.m */; };
		2B316300185E4E180025CFAC /* LGMainStructureView.m in Sources */ = {isa = PBXBuildFile; fileRef = 2B3162FF185E4E180025CFAC /* LGMainStructureView.m */; };
		2B316303185E4EDC0025CFAC /* LGStructureLevelView.m in Sources */ = {isa = PBXBuildFile; fileRef = 2B316302185E4EDC0025CFAC /* LGStructureLevelView.m */; };
/* End PBXBuildFile section */

/* Begin PBXContainerItemProxy section */
		2B3162C5185E3B120025CFAC /* PBXContainerItemProxy */ = {
			isa = PBXContainerItemProxy;
			containerPortal = 2B31629D185E3B100025CFAC /* Project object */;
			proxyType = 1;
			remoteGlobalIDString = 2B3162A4185E3B110025CFAC;
			remoteInfo = Logistics;
		};
/* End PBXContainerItemProxy section */

/* Begin PBXFileReference section */
		2B3162A5185E3B110025CFAC /* Logistics.app */ = {isa = PBXFileReference; explicitFileType = wrapper.application; includeInIndex = 0; path = Logistics.app; sourceTree = BUILT_PRODUCTS_DIR; };
		2B3162A8185E3B110025CFAC /* Foundation.framework */ = {isa = PBXFileReference; lastKnownFileType = wrapper.framework; name = Foundation.framework; path = System/Library/Frameworks/Foundation.framework; sourceTree = SDKROOT; };
		2B3162AA185E3B110025CFAC /* CoreGraphics.framework */ = {isa = PBXFileReference; lastKnownFileType = wrapper.framework; name = CoreGraphics.framework; path = System/Library/Frameworks/CoreGraphics.framework; sourceTree = SDKROOT; };
		2B3162AC185E3B110025CFAC /* UIKit.framework */ = {isa = PBXFileReference; lastKnownFileType = wrapper.framework; name = UIKit.framework; path = System/Library/Frameworks/UIKit.framework; sourceTree = SDKROOT; };
		2B3162C0185E3B120025CFAC /* LogisticsTests.xctest */ = {isa = PBXFileReference; explicitFileType = wrapper.cfbundle; includeInIndex = 0; path = LogisticsTests.xctest; sourceTree = BUILT_PRODUCTS_DIR; };
		2B3162C1185E3B120025CFAC /* XCTest.framework */ = {isa = PBXFileReference; lastKnownFileType = wrapper.framework; name = XCTest.framework; path = Library/Frameworks/XCTest.framework; sourceTree = DEVELOPER_DIR; };
		2B3162C9185E3B120025CFAC /* LogisticsTests-Info.plist */ = {isa = PBXFileReference; lastKnownFileType = text.plist.xml; path = "LogisticsTests-Info.plist"; sourceTree = "<group>"; };
		2B3162CB185E3B120025CFAC /* en */ = {isa = PBXFileReference; lastKnownFileType = text.plist.strings; name = en; path = en.lproj/InfoPlist.strings; sourceTree = "<group>"; };
		2B3162CD185E3B120025CFAC /* LogisticsTests.m */ = {isa = PBXFileReference; lastKnownFileType = sourcecode.c.objc; path = LogisticsTests.m; sourceTree = "<group>"; };
		2B3162D9185E3F8D0025CFAC /* LGAppDelegate.h */ = {isa = PBXFileReference; fileEncoding = 4; lastKnownFileType = sourcecode.c.h; path = LGAppDelegate.h; sourceTree = "<group>"; };
		2B3162DA185E3F8D0025CFAC /* LGAppDelegate.m */ = {isa = PBXFileReference; fileEncoding = 4; lastKnownFileType = sourcecode.c.objc; path = LGAppDelegate.m; sourceTree = "<group>"; };
		2B3162DC185E3F8D0025CFAC /* Logistics-Prefix.pch */ = {isa = PBXFileReference; fileEncoding = 4; lastKnownFileType = sourcecode.c.h; path = "Logistics-Prefix.pch"; sourceTree = "<group>"; };
		2B3162DD185E3F8D0025CFAC /* main.m */ = {isa = PBXFileReference; fileEncoding = 4; lastKnownFileType = sourcecode.c.objc; path = main.m; sourceTree = "<group>"; };
		2B3162E1185E3F940025CFAC /* Images.xcassets */ = {isa = PBXFileReference; lastKnownFileType = folder.assetcatalog; path = Images.xcassets; sourceTree = "<group>"; };
		2B3162E3185E3F940025CFAC /* Logistics-Info.plist */ = {isa = PBXFileReference; fileEncoding = 4; lastKnownFileType = text.plist.xml; path = "Logistics-Info.plist"; sourceTree = "<group>"; };
		2B3162E9185E447A0025CFAC /* Storyboard_iPad.storyboard */ = {isa = PBXFileReference; fileEncoding = 4; lastKnownFileType = file.storyboard; path = Storyboard_iPad.storyboard; sourceTree = "<group>"; };
		2B3162F0185E475D0025CFAC /* LGLoginViewController.h */ = {isa = PBXFileReference; fileEncoding = 4; lastKnownFileType = sourcecode.c.h; path = LGLoginViewController.h; sourceTree = "<group>"; };
		2B3162F1185E475D0025CFAC /* LGLoginViewController.m */ = {isa = PBXFileReference; fileEncoding = 4; lastKnownFileType = sourcecode.c.objc; path = LGLoginViewController.m; sourceTree = "<group>"; };
		2B3162F4185E48BC0025CFAC /* LGMainSchemeViewController.h */ = {isa = PBXFileReference; fileEncoding = 4; lastKnownFileType = sourcecode.c.h; path = LGMainSchemeViewController.h; sourceTree = "<group>"; };
		2B3162F5185E48BC0025CFAC /* LGMainSchemeViewController.m */ = {isa = PBXFileReference; fileEncoding = 4; lastKnownFileType = sourcecode.c.objc; path = LGMainSchemeViewController.m; sourceTree = "<group>"; };
		2B3162F8185E49130025CFAC /* LGMenuViewController.h */ = {isa = PBXFileReference; fileEncoding = 4; lastKnownFileType = sourcecode.c.h; path = LGMenuViewController.h; sourceTree = "<group>"; };
		2B3162F9185E49130025CFAC /* LGMenuViewController.m */ = {isa = PBXFileReference; fileEncoding = 4; lastKnownFileType = sourcecode.c.objc; path = LGMenuViewController.m; sourceTree = "<group>"; };
		2B3162FE185E4E180025CFAC /* LGMainStructureView.h */ = {isa = PBXFileReference; fileEncoding = 4; lastKnownFileType = sourcecode.c.h; path = LGMainStructureView.h; sourceTree = "<group>"; };
		2B3162FF185E4E180025CFAC /* LGMainStructureView.m */ = {isa = PBXFileReference; fileEncoding = 4; lastKnownFileType = sourcecode.c.objc; path = LGMainStructureView.m; sourceTree = "<group>"; };
		2B316301185E4EDC0025CFAC /* LGStructureLevelView.h */ = {isa = PBXFileReference; fileEncoding = 4; lastKnownFileType = sourcecode.c.h; path = LGStructureLevelView.h; sourceTree = "<group>"; };
		2B316302185E4EDC0025CFAC /* LGStructureLevelView.m */ = {isa = PBXFileReference; fileEncoding = 4; lastKnownFileType = sourcecode.c.objc; path = LGStructureLevelView.m; sourceTree = "<group>"; };
/* End PBXFileReference section */

/* Begin PBXFrameworksBuildPhase section */
		2B3162A2185E3B110025CFAC /* Frameworks */ = {
			isa = PBXFrameworksBuildPhase;
			buildActionMask = 2147483647;
			files = (
				2B3162AB185E3B110025CFAC /* CoreGraphics.framework in Frameworks */,
				2B3162AD185E3B110025CFAC /* UIKit.framework in Frameworks */,
				2B3162A9185E3B110025CFAC /* Foundation.framework in Frameworks */,
			);
			runOnlyForDeploymentPostprocessing = 0;
		};
		2B3162BD185E3B120025CFAC /* Frameworks */ = {
			isa = PBXFrameworksBuildPhase;
			buildActionMask = 2147483647;
			files = (
				2B3162C2185E3B120025CFAC /* XCTest.framework in Frameworks */,
				2B3162C4185E3B120025CFAC /* UIKit.framework in Frameworks */,
				2B3162C3185E3B120025CFAC /* Foundation.framework in Frameworks */,
			);
			runOnlyForDeploymentPostprocessing = 0;
		};
/* End PBXFrameworksBuildPhase section */

/* Begin PBXGroup section */
		2B31629C185E3B100025CFAC = {
			isa = PBXGroup;
			children = (
				2B3162AE185E3B110025CFAC /* Logistics */,
				2B3162C7185E3B120025CFAC /* LogisticsTests */,
				2B3162A7185E3B110025CFAC /* Frameworks */,
				2B3162A6185E3B110025CFAC /* Products */,
			);
			sourceTree = "<group>";
		};
		2B3162A6185E3B110025CFAC /* Products */ = {
			isa = PBXGroup;
			children = (
				2B3162A5185E3B110025CFAC /* Logistics.app */,
				2B3162C0185E3B120025CFAC /* LogisticsTests.xctest */,
			);
			name = Products;
			sourceTree = "<group>";
		};
		2B3162A7185E3B110025CFAC /* Frameworks */ = {
			isa = PBXGroup;
			children = (
				2B3162A8185E3B110025CFAC /* Foundation.framework */,
				2B3162AA185E3B110025CFAC /* CoreGraphics.framework */,
				2B3162AC185E3B110025CFAC /* UIKit.framework */,
				2B3162C1185E3B120025CFAC /* XCTest.framework */,
			);
			name = Frameworks;
			sourceTree = "<group>";
		};
		2B3162AE185E3B110025CFAC /* Logistics */ = {
			isa = PBXGroup;
			children = (
				2B3162E0185E3F940025CFAC /* Resources */,
				2B3162D7185E3F8C0025CFAC /* Classes */,
			);
			path = Logistics;
			sourceTree = "<group>";
		};
		2B3162C7185E3B120025CFAC /* LogisticsTests */ = {
			isa = PBXGroup;
			children = (
				2B3162CD185E3B120025CFAC /* LogisticsTests.m */,
				2B3162C8185E3B120025CFAC /* Supporting Files */,
			);
			path = LogisticsTests;
			sourceTree = "<group>";
		};
		2B3162C8185E3B120025CFAC /* Supporting Files */ = {
			isa = PBXGroup;
			children = (
				2B3162C9185E3B120025CFAC /* LogisticsTests-Info.plist */,
				2B3162CA185E3B120025CFAC /* InfoPlist.strings */,
			);
			name = "Supporting Files";
			sourceTree = "<group>";
		};
		2B3162D7185E3F8C0025CFAC /* Classes */ = {
			isa = PBXGroup;
			children = (
				2B316305185E50A40025CFAC /* DataModel */,
				2B316304185E509E0025CFAC /* Logic */,
				2B3162EB185E47260025CFAC /* UserInterface */,
				2B3162D8185E3F8C0025CFAC /* AppDelegate */,
				2B3162DB185E3F8D0025CFAC /* Other */,
			);
			path = Classes;
			sourceTree = "<group>";
		};
		2B3162D8185E3F8C0025CFAC /* AppDelegate */ = {
			isa = PBXGroup;
			children = (
				2B3162D9185E3F8D0025CFAC /* LGAppDelegate.h */,
				2B3162DA185E3F8D0025CFAC /* LGAppDelegate.m */,
			);
			path = AppDelegate;
			sourceTree = "<group>";
		};
		2B3162DB185E3F8D0025CFAC /* Other */ = {
			isa = PBXGroup;
			children = (
				2B3162DC185E3F8D0025CFAC /* Logistics-Prefix.pch */,
				2B3162DD185E3F8D0025CFAC /* main.m */,
			);
			path = Other;
			sourceTree = "<group>";
		};
		2B3162E0185E3F940025CFAC /* Resources */ = {
			isa = PBXGroup;
			children = (
				2B3162E1185E3F940025CFAC /* Images.xcassets */,
				2B3162E2185E3F940025CFAC /* Plist */,
				2B3162E4185E3F940025CFAC /* Storyboard */,
			);
			path = Resources;
			sourceTree = "<group>";
		};
		2B3162E2185E3F940025CFAC /* Plist */ = {
			isa = PBXGroup;
			children = (
				2B3162E3185E3F940025CFAC /* Logistics-Info.plist */,
			);
			path = Plist;
			sourceTree = "<group>";
		};
		2B3162E4185E3F940025CFAC /* Storyboard */ = {
			isa = PBXGroup;
			children = (
				2B3162E9185E447A0025CFAC /* Storyboard_iPad.storyboard */,
			);
			path = Storyboard;
			sourceTree = "<group>";
		};
		2B3162EB185E47260025CFAC /* UserInterface */ = {
			isa = PBXGroup;
			children = (
				2B3162F7185E49070025CFAC /* MenuViewController */,
				2B3162F3185E48A70025CFAC /* MainSchemeViewController */,
				2B3162EF185E475D0025CFAC /* LoginViewController */,
			);
			path = UserInterface;
			sourceTree = "<group>";
		};
		2B3162EF185E475D0025CFAC /* LoginViewController */ = {
			isa = PBXGroup;
			children = (
				2B3162F0185E475D0025CFAC /* LGLoginViewController.h */,
				2B3162F1185E475D0025CFAC /* LGLoginViewController.m */,
			);
			path = LoginViewController;
			sourceTree = "<group>";
		};
		2B3162F3185E48A70025CFAC /* MainSchemeViewController */ = {
			isa = PBXGroup;
			children = (
				2B3162F4185E48BC0025CFAC /* LGMainSchemeViewController.h */,
				2B3162F5185E48BC0025CFAC /* LGMainSchemeViewController.m */,
			);
			path = MainSchemeViewController;
			sourceTree = "<group>";
		};
		2B3162F7185E49070025CFAC /* MenuViewController */ = {
			isa = PBXGroup;
			children = (
				2B3162FB185E4D820025CFAC /* Views */,
				2B3162F8185E49130025CFAC /* LGMenuViewController.h */,
				2B3162F9185E49130025CFAC /* LGMenuViewController.m */,
			);
			path = MenuViewController;
			sourceTree = "<group>";
		};
		2B3162FB185E4D820025CFAC /* Views */ = {
			isa = PBXGroup;
			children = (
				2B3162FC185E4DFE0025CFAC /* MainStructureView */,
				2B3162FD185E4DFE0025CFAC /* StructureLevelView */,
			);
			path = Views;
			sourceTree = "<group>";
		};
		2B3162FC185E4DFE0025CFAC /* MainStructureView */ = {
			isa = PBXGroup;
			children = (
				2B3162FE185E4E180025CFAC /* LGMainStructureView.h */,
				2B3162FF185E4E180025CFAC /* LGMainStructureView.m */,
			);
			path = MainStructureView;
			sourceTree = "<group>";
		};
		2B3162FD185E4DFE0025CFAC /* StructureLevelView */ = {
			isa = PBXGroup;
			children = (
				2B316301185E4EDC0025CFAC /* LGStructureLevelView.h */,
				2B316302185E4EDC0025CFAC /* LGStructureLevelView.m */,
			);
			path = StructureLevelView;
			sourceTree = "<group>";
		};
		2B316304185E509E0025CFAC /* Logic */ = {
			isa = PBXGroup;
			children = (
			);
			path = Logic;
			sourceTree = "<group>";
		};
		2B316305185E50A40025CFAC /* DataModel */ = {
			isa = PBXGroup;
			children = (
			);
			path = DataModel;
			sourceTree = "<group>";
		};
/* End PBXGroup section */

/* Begin PBXNativeTarget section */
		2B3162A4185E3B110025CFAC /* Logistics */ = {
			isa = PBXNativeTarget;
			buildConfigurationList = 2B3162D1185E3B120025CFAC /* Build configuration list for PBXNativeTarget "Logistics" */;
			buildPhases = (
				2B3162A1185E3B110025CFAC /* Sources */,
				2B3162A2185E3B110025CFAC /* Frameworks */,
				2B3162A3185E3B110025CFAC /* Resources */,
			);
			buildRules = (
			);
			dependencies = (
			);
			name = Logistics;
			productName = Logistics;
			productReference = 2B3162A5185E3B110025CFAC /* Logistics.app */;
			productType = "com.apple.product-type.application";
		};
		2B3162BF185E3B120025CFAC /* LogisticsTests */ = {
			isa = PBXNativeTarget;
			buildConfigurationList = 2B3162D4185E3B120025CFAC /* Build configuration list for PBXNativeTarget "LogisticsTests" */;
			buildPhases = (
				2B3162BC185E3B120025CFAC /* Sources */,
				2B3162BD185E3B120025CFAC /* Frameworks */,
				2B3162BE185E3B120025CFAC /* Resources */,
			);
			buildRules = (
			);
			dependencies = (
				2B3162C6185E3B120025CFAC /* PBXTargetDependency */,
			);
			name = LogisticsTests;
			productName = LogisticsTests;
			productReference = 2B3162C0185E3B120025CFAC /* LogisticsTests.xctest */;
			productType = "com.apple.product-type.bundle.unit-test";
		};
/* End PBXNativeTarget section */

/* Begin PBXProject section */
		2B31629D185E3B100025CFAC /* Project object */ = {
			isa = PBXProject;
			attributes = {
				CLASSPREFIX = LG;
				LastUpgradeCheck = 0500;
				ORGANIZATIONNAME = "Diana Evlakhova";
				TargetAttributes = {
					2B3162BF185E3B120025CFAC = {
						TestTargetID = 2B3162A4185E3B110025CFAC;
					};
				};
			};
			buildConfigurationList = 2B3162A0185E3B100025CFAC /* Build configuration list for PBXProject "Logistics" */;
			compatibilityVersion = "Xcode 3.2";
			developmentRegion = English;
			hasScannedForEncodings = 0;
			knownRegions = (
				en,
			);
			mainGroup = 2B31629C185E3B100025CFAC;
			productRefGroup = 2B3162A6185E3B110025CFAC /* Products */;
			projectDirPath = "";
			projectRoot = "";
			targets = (
				2B3162A4185E3B110025CFAC /* Logistics */,
				2B3162BF185E3B120025CFAC /* LogisticsTests */,
			);
		};
/* End PBXProject section */

/* Begin PBXResourcesBuildPhase section */
		2B3162A3185E3B110025CFAC /* Resources */ = {
			isa = PBXResourcesBuildPhase;
			buildActionMask = 2147483647;
			files = (
				2B3162E6185E3F940025CFAC /* Logistics-Info.plist in Resources */,
				2B3162E5185E3F940025CFAC /* Images.xcassets in Resources */,
				2B3162EA185E447A0025CFAC /* Storyboard_iPad.storyboard in Resources */,
			);
			runOnlyForDeploymentPostprocessing = 0;
		};
		2B3162BE185E3B120025CFAC /* Resources */ = {
			isa = PBXResourcesBuildPhase;
			buildActionMask = 2147483647;
			files = (
				2B3162CC185E3B120025CFAC /* InfoPlist.strings in Resources */,
			);
			runOnlyForDeploymentPostprocessing = 0;
		};
/* End PBXResourcesBuildPhase section */

/* Begin PBXSourcesBuildPhase section */
		2B3162A1185E3B110025CFAC /* Sources */ = {
			isa = PBXSourcesBuildPhase;
			buildActionMask = 2147483647;
			files = (
				2B3162FA185E49130025CFAC /* LGMenuViewController.m in Sources */,
				2B3162DF185E3F8D0025CFAC /* main.m in Sources */,
				2B3162F2185E475D0025CFAC /* LGLoginViewController.m in Sources */,
				2B316303185E4EDC0025CFAC /* LGStructureLevelView.m in Sources */,
				2B3162DE185E3F8D0025CFAC /* LGAppDelegate.m in Sources */,
				2B316300185E4E180025CFAC /* LGMainStructureView.m in Sources */,
				2B3162F6185E48BC0025CFAC /* LGMainSchemeViewController.m in Sources */,
			);
			runOnlyForDeploymentPostprocessing = 0;
		};
		2B3162BC185E3B120025CFAC /* Sources */ = {
			isa = PBXSourcesBuildPhase;
			buildActionMask = 2147483647;
			files = (
				2B3162CE185E3B120025CFAC /* LogisticsTests.m in Sources */,
			);
			runOnlyForDeploymentPostprocessing = 0;
		};
/* End PBXSourcesBuildPhase section */

/* Begin PBXTargetDependency section */
		2B3162C6185E3B120025CFAC /* PBXTargetDependency */ = {
			isa = PBXTargetDependency;
			target = 2B3162A4185E3B110025CFAC /* Logistics */;
			targetProxy = 2B3162C5185E3B120025CFAC /* PBXContainerItemProxy */;
		};
/* End PBXTargetDependency section */

/* Begin PBXVariantGroup section */
		2B3162CA185E3B120025CFAC /* InfoPlist.strings */ = {
			isa = PBXVariantGroup;
			children = (
				2B3162CB185E3B120025CFAC /* en */,
			);
			name = InfoPlist.strings;
			sourceTree = "<group>";
		};
/* End PBXVariantGroup section */

/* Begin XCBuildConfiguration section */
		2B3162CF185E3B120025CFAC /* Debug */ = {
			isa = XCBuildConfiguration;
			buildSettings = {
				ALWAYS_SEARCH_USER_PATHS = NO;
				ARCHS = "$(ARCHS_STANDARD_INCLUDING_64_BIT)";
				CLANG_CXX_LANGUAGE_STANDARD = "gnu++0x";
				CLANG_CXX_LIBRARY = "libc++";
				CLANG_ENABLE_MODULES = YES;
				CLANG_ENABLE_OBJC_ARC = YES;
				CLANG_WARN_BOOL_CONVERSION = YES;
				CLANG_WARN_CONSTANT_CONVERSION = YES;
				CLANG_WARN_DIRECT_OBJC_ISA_USAGE = YES_ERROR;
				CLANG_WARN_EMPTY_BODY = YES;
				CLANG_WARN_ENUM_CONVERSION = YES;
				CLANG_WARN_INT_CONVERSION = YES;
				CLANG_WARN_OBJC_ROOT_CLASS = YES_ERROR;
				CLANG_WARN__DUPLICATE_METHOD_MATCH = YES;
				"CODE_SIGN_IDENTITY[sdk=iphoneos*]" = "iPhone Developer";
				COPY_PHASE_STRIP = NO;
				GCC_C_LANGUAGE_STANDARD = gnu99;
				GCC_DYNAMIC_NO_PIC = NO;
				GCC_OPTIMIZATION_LEVEL = 0;
				GCC_PREPROCESSOR_DEFINITIONS = (
					"DEBUG=1",
					"$(inherited)",
				);
				GCC_SYMBOLS_PRIVATE_EXTERN = NO;
				GCC_WARN_64_TO_32_BIT_CONVERSION = YES;
				GCC_WARN_ABOUT_RETURN_TYPE = YES_ERROR;
				GCC_WARN_UNDECLARED_SELECTOR = YES;
				GCC_WARN_UNINITIALIZED_AUTOS = YES;
				GCC_WARN_UNUSED_FUNCTION = YES;
				GCC_WARN_UNUSED_VARIABLE = YES;
				IPHONEOS_DEPLOYMENT_TARGET = 7.0;
				ONLY_ACTIVE_ARCH = YES;
				SDKROOT = iphoneos;
				TARGETED_DEVICE_FAMILY = 2;
			};
			name = Debug;
		};
		2B3162D0185E3B120025CFAC /* Release */ = {
			isa = XCBuildConfiguration;
			buildSettings = {
				ALWAYS_SEARCH_USER_PATHS = NO;
				ARCHS = "$(ARCHS_STANDARD_INCLUDING_64_BIT)";
				CLANG_CXX_LANGUAGE_STANDARD = "gnu++0x";
				CLANG_CXX_LIBRARY = "libc++";
				CLANG_ENABLE_MODULES = YES;
				CLANG_ENABLE_OBJC_ARC = YES;
				CLANG_WARN_BOOL_CONVERSION = YES;
				CLANG_WARN_CONSTANT_CONVERSION = YES;
				CLANG_WARN_DIRECT_OBJC_ISA_USAGE = YES_ERROR;
				CLANG_WARN_EMPTY_BODY = YES;
				CLANG_WARN_ENUM_CONVERSION = YES;
				CLANG_WARN_INT_CONVERSION = YES;
				CLANG_WARN_OBJC_ROOT_CLASS = YES_ERROR;
				CLANG_WARN__DUPLICATE_METHOD_MATCH = YES;
				"CODE_SIGN_IDENTITY[sdk=iphoneos*]" = "iPhone Developer";
				COPY_PHASE_STRIP = YES;
				ENABLE_NS_ASSERTIONS = NO;
				GCC_C_LANGUAGE_STANDARD = gnu99;
				GCC_WARN_64_TO_32_BIT_CONVERSION = YES;
				GCC_WARN_ABOUT_RETURN_TYPE = YES_ERROR;
				GCC_WARN_UNDECLARED_SELECTOR = YES;
				GCC_WARN_UNINITIALIZED_AUTOS = YES;
				GCC_WARN_UNUSED_FUNCTION = YES;
				GCC_WARN_UNUSED_VARIABLE = YES;
				IPHONEOS_DEPLOYMENT_TARGET = 7.0;
				SDKROOT = iphoneos;
				TARGETED_DEVICE_FAMILY = 2;
				VALIDATE_PRODUCT = YES;
			};
			name = Release;
		};
		2B3162D2185E3B120025CFAC /* Debug */ = {
			isa = XCBuildConfiguration;
			buildSettings = {
				ASSETCATALOG_COMPILER_APPICON_NAME = AppIcon;
				ASSETCATALOG_COMPILER_LAUNCHIMAGE_NAME = LaunchImage;
				GCC_PRECOMPILE_PREFIX_HEADER = YES;
				GCC_PREFIX_HEADER = "Logistics/Classes/Other/Logistics-Prefix.pch";
				INFOPLIST_FILE = "Logistics/Resources/Plist/Logistics-Info.plist";
				PRODUCT_NAME = "$(TARGET_NAME)";
				WRAPPER_EXTENSION = app;
			};
			name = Debug;
		};
		2B3162D3185E3B120025CFAC /* Release */ = {
			isa = XCBuildConfiguration;
			buildSettings = {
				ASSETCATALOG_COMPILER_APPICON_NAME = AppIcon;
				ASSETCATALOG_COMPILER_LAUNCHIMAGE_NAME = LaunchImage;
				GCC_PRECOMPILE_PREFIX_HEADER = YES;
				GCC_PREFIX_HEADER = "Logistics/Classes/Other/Logistics-Prefix.pch";
				INFOPLIST_FILE = "Logistics/Resources/Plist/Logistics-Info.plist";
				PRODUCT_NAME = "$(TARGET_NAME)";
				WRAPPER_EXTENSION = app;
			};
			name = Release;
		};
		2B3162D5185E3B120025CFAC /* Debug */ = {
			isa = XCBuildConfiguration;
			buildSettings = {
				ARCHS = "$(ARCHS_STANDARD_INCLUDING_64_BIT)";
				BUNDLE_LOADER = "$(BUILT_PRODUCTS_DIR)/Logistics.app/Logistics";
				FRAMEWORK_SEARCH_PATHS = (
					"$(SDKROOT)/Developer/Library/Frameworks",
					"$(inherited)",
					"$(DEVELOPER_FRAMEWORKS_DIR)",
				);
				GCC_PRECOMPILE_PREFIX_HEADER = YES;
				GCC_PREFIX_HEADER = "Logistics/Logistics-Prefix.pch";
				GCC_PREPROCESSOR_DEFINITIONS = (
					"DEBUG=1",
					"$(inherited)",
				);
				INFOPLIST_FILE = "LogisticsTests/LogisticsTests-Info.plist";
				PRODUCT_NAME = "$(TARGET_NAME)";
				TEST_HOST = "$(BUNDLE_LOADER)";
				WRAPPER_EXTENSION = xctest;
			};
			name = Debug;
		};
		2B3162D6185E3B120025CFAC /* Release */ = {
			isa = XCBuildConfiguration;
			buildSettings = {
				ARCHS = "$(ARCHS_STANDARD_INCLUDING_64_BIT)";
				BUNDLE_LOADER = "$(BUILT_PRODUCTS_DIR)/Logistics.app/Logistics";
				FRAMEWORK_SEARCH_PATHS = (
					"$(SDKROOT)/Developer/Library/Frameworks",
					"$(inherited)",
					"$(DEVELOPER_FRAMEWORKS_DIR)",
				);
				GCC_PRECOMPILE_PREFIX_HEADER = YES;
				GCC_PREFIX_HEADER = "Logistics/Logistics-Prefix.pch";
				INFOPLIST_FILE = "LogisticsTests/LogisticsTests-Info.plist";
				PRODUCT_NAME = "$(TARGET_NAME)";
				TEST_HOST = "$(BUNDLE_LOADER)";
				WRAPPER_EXTENSION = xctest;
			};
			name = Release;
		};
/* End XCBuildConfiguration section */

/* Begin XCConfigurationList section */
		2B3162A0185E3B100025CFAC /* Build configuration list for PBXProject "Logistics" */ = {
			isa = XCConfigurationList;
			buildConfigurations = (
				2B3162CF185E3B120025CFAC /* Debug */,
				2B3162D0185E3B120025CFAC /* Release */,
			);
			defaultConfigurationIsVisible = 0;
			defaultConfigurationName = Release;
		};
		2B3162D1185E3B120025CFAC /* Build configuration list for PBXNativeTarget "Logistics" */ = {
			isa = XCConfigurationList;
			buildConfigurations = (
				2B3162D2185E3B120025CFAC /* Debug */,
				2B3162D3185E3B120025CFAC /* Release */,
			);
			defaultConfigurationIsVisible = 0;
		};
		2B3162D4185E3B120025CFAC /* Build configuration list for PBXNativeTarget "LogisticsTests" */ = {
			isa = XCConfigurationList;
			buildConfigurations = (
				2B3162D5185E3B120025CFAC /* Debug */,
				2B3162D6185E3B120025CFAC /* Release */,
			);
			defaultConfigurationIsVisible = 0;
		};
/* End XCConfigurationList section */
	};
	rootObject = 2B31629D185E3B100025CFAC /* Project object */;
}
